// !$*UTF8*$!
{
	archiveVersion = 1;
	classes = {
	};
	objectVersion = 46;
	objects = {

/* Begin PBXBuildFile section */
		C559792A1E5F2DA900C7F81B /* AppDelegate.swift in Sources */ = {isa = PBXBuildFile; fileRef = C55979291E5F2DA900C7F81B /* AppDelegate.swift */; };
		C559792E1E5F2DA900C7F81B /* Actions.sks in Resources */ = {isa = PBXBuildFile; fileRef = C559792D1E5F2DA900C7F81B /* Actions.sks */; };
		C55979301E5F2DA900C7F81B /* GameScene.swift in Sources */ = {isa = PBXBuildFile; fileRef = C559792F1E5F2DA900C7F81B /* GameScene.swift */; };
		C55979321E5F2DA900C7F81B /* GameViewController.swift in Sources */ = {isa = PBXBuildFile; fileRef = C55979311E5F2DA900C7F81B /* GameViewController.swift */; };
		C55979351E5F2DA900C7F81B /* Main.storyboard in Resources */ = {isa = PBXBuildFile; fileRef = C55979331E5F2DA900C7F81B /* Main.storyboard */; };
		C55979371E5F2DA900C7F81B /* Assets.xcassets in Resources */ = {isa = PBXBuildFile; fileRef = C55979361E5F2DA900C7F81B /* Assets.xcassets */; };
		C559793A1E5F2DA900C7F81B /* LaunchScreen.storyboard in Resources */ = {isa = PBXBuildFile; fileRef = C55979381E5F2DA900C7F81B /* LaunchScreen.storyboard */; };
		C55979451E5F2DA900C7F81B /* myGameTests.swift in Sources */ = {isa = PBXBuildFile; fileRef = C55979441E5F2DA900C7F81B /* myGameTests.swift */; };
		C55979501E5F2DA900C7F81B /* myGameUITests.swift in Sources */ = {isa = PBXBuildFile; fileRef = C559794F1E5F2DA900C7F81B /* myGameUITests.swift */; };
		C559795E1E5F409B00C7F81B /* GameOverScreen.sks in Resources */ = {isa = PBXBuildFile; fileRef = C559795D1E5F409B00C7F81B /* GameOverScreen.sks */; };
		C577BC911ECBB24100880603 /* GameWinScreen.sks in Resources */ = {isa = PBXBuildFile; fileRef = C577BC901ECBB24100880603 /* GameWinScreen.sks */; };
		C577BC931ECBB36B00880603 /* GameWinScreen.swift in Sources */ = {isa = PBXBuildFile; fileRef = C577BC921ECBB36A00880603 /* GameWinScreen.swift */; };
		C577BC951ECBB6E500880603 /* waterwin.mp3 in Resources */ = {isa = PBXBuildFile; fileRef = C577BC941ECBB6E500880603 /* waterwin.mp3 */; };
		C57A5EB21E70FBE500CCD7CB /* dripback.mp3 in Resources */ = {isa = PBXBuildFile; fileRef = C57A5EB11E70FBE500CCD7CB /* dripback.mp3 */; };
		C57A5EB41E70FBEE00CCD7CB /* fireball.mp3 in Resources */ = {isa = PBXBuildFile; fileRef = C57A5EB31E70FBEE00CCD7CB /* fireball.mp3 */; };
		C5A883B01E67B7E100B7E0B8 /* Menu.sks in Resources */ = {isa = PBXBuildFile; fileRef = C5A883AF1E67B7E100B7E0B8 /* Menu.sks */; };
		C5A883B21E67BA6F00B7E0B8 /* Menu.swift in Sources */ = {isa = PBXBuildFile; fileRef = C5A883B11E67BA6F00B7E0B8 /* Menu.swift */; };
		C5A883B61E67BB4A00B7E0B8 /* GameOverScreen.swift in Sources */ = {isa = PBXBuildFile; fileRef = C5A883B51E67BB4A00B7E0B8 /* GameOverScreen.swift */; };
		C5F3947D1E685D3E0017250D /* GameScene.sks in Resources */ = {isa = PBXBuildFile; fileRef = C5F3947C1E685D3E0017250D /* GameScene.sks */; };
/* End PBXBuildFile section */

/* Begin PBXContainerItemProxy section */
		C55979411E5F2DA900C7F81B /* PBXContainerItemProxy */ = {
			isa = PBXContainerItemProxy;
			containerPortal = C559791E1E5F2DA900C7F81B /* Project object */;
			proxyType = 1;
			remoteGlobalIDString = C55979251E5F2DA900C7F81B;
			remoteInfo = myGame;
		};
		C559794C1E5F2DA900C7F81B /* PBXContainerItemProxy */ = {
			isa = PBXContainerItemProxy;
			containerPortal = C559791E1E5F2DA900C7F81B /* Project object */;
			proxyType = 1;
			remoteGlobalIDString = C55979251E5F2DA900C7F81B;
			remoteInfo = myGame;
		};
/* End PBXContainerItemProxy section */

/* Begin PBXFileReference section */
		C55979261E5F2DA900C7F81B /* myGame.app */ = {isa = PBXFileReference; explicitFileType = wrapper.application; includeInIndex = 0; path = myGame.app; sourceTree = BUILT_PRODUCTS_DIR; };
		C55979291E5F2DA900C7F81B /* AppDelegate.swift */ = {isa = PBXFileReference; lastKnownFileType = sourcecode.swift; path = AppDelegate.swift; sourceTree = "<group>"; };
		C559792D1E5F2DA900C7F81B /* Actions.sks */ = {isa = PBXFileReference; lastKnownFileType = file.sks; path = Actions.sks; sourceTree = "<group>"; };
		C559792F1E5F2DA900C7F81B /* GameScene.swift */ = {isa = PBXFileReference; lastKnownFileType = sourcecode.swift; path = GameScene.swift; sourceTree = "<group>"; };
		C55979311E5F2DA900C7F81B /* GameViewController.swift */ = {isa = PBXFileReference; lastKnownFileType = sourcecode.swift; path = GameViewController.swift; sourceTree = "<group>"; };
		C55979341E5F2DA900C7F81B /* Base */ = {isa = PBXFileReference; lastKnownFileType = file.storyboard; name = Base; path = Base.lproj/Main.storyboard; sourceTree = "<group>"; };
		C55979361E5F2DA900C7F81B /* Assets.xcassets */ = {isa = PBXFileReference; lastKnownFileType = folder.assetcatalog; path = Assets.xcassets; sourceTree = "<group>"; };
		C55979391E5F2DA900C7F81B /* Base */ = {isa = PBXFileReference; lastKnownFileType = file.storyboard; name = Base; path = Base.lproj/LaunchScreen.storyboard; sourceTree = "<group>"; };
		C559793B1E5F2DA900C7F81B /* Info.plist */ = {isa = PBXFileReference; lastKnownFileType = text.plist.xml; path = Info.plist; sourceTree = "<group>"; };
		C55979401E5F2DA900C7F81B /* myGameTests.xctest */ = {isa = PBXFileReference; explicitFileType = wrapper.cfbundle; includeInIndex = 0; path = myGameTests.xctest; sourceTree = BUILT_PRODUCTS_DIR; };
		C55979441E5F2DA900C7F81B /* myGameTests.swift */ = {isa = PBXFileReference; lastKnownFileType = sourcecode.swift; path = myGameTests.swift; sourceTree = "<group>"; };
		C55979461E5F2DA900C7F81B /* Info.plist */ = {isa = PBXFileReference; lastKnownFileType = text.plist.xml; path = Info.plist; sourceTree = "<group>"; };
		C559794B1E5F2DA900C7F81B /* myGameUITests.xctest */ = {isa = PBXFileReference; explicitFileType = wrapper.cfbundle; includeInIndex = 0; path = myGameUITests.xctest; sourceTree = BUILT_PRODUCTS_DIR; };
		C559794F1E5F2DA900C7F81B /* myGameUITests.swift */ = {isa = PBXFileReference; lastKnownFileType = sourcecode.swift; path = myGameUITests.swift; sourceTree = "<group>"; };
		C55979511E5F2DA900C7F81B /* Info.plist */ = {isa = PBXFileReference; lastKnownFileType = text.plist.xml; path = Info.plist; sourceTree = "<group>"; };
		C559795D1E5F409B00C7F81B /* GameOverScreen.sks */ = {isa = PBXFileReference; lastKnownFileType = file.sks; path = GameOverScreen.sks; sourceTree = "<group>"; };
		C577BC901ECBB24100880603 /* GameWinScreen.sks */ = {isa = PBXFileReference; lastKnownFileType = file.sks; path = GameWinScreen.sks; sourceTree = "<group>"; };
		C577BC921ECBB36A00880603 /* GameWinScreen.swift */ = {isa = PBXFileReference; fileEncoding = 4; lastKnownFileType = sourcecode.swift; path = GameWinScreen.swift; sourceTree = "<group>"; };
		C577BC941ECBB6E500880603 /* waterwin.mp3 */ = {isa = PBXFileReference; lastKnownFileType = audio.mp3; path = waterwin.mp3; sourceTree = "<group>"; };
		C57A5EB11E70FBE500CCD7CB /* dripback.mp3 */ = {isa = PBXFileReference; lastKnownFileType = audio.mp3; path = dripback.mp3; sourceTree = SOURCE_ROOT; };
		C57A5EB31E70FBEE00CCD7CB /* fireball.mp3 */ = {isa = PBXFileReference; lastKnownFileType = audio.mp3; path = fireball.mp3; sourceTree = SOURCE_ROOT; };
		C5A883AF1E67B7E100B7E0B8 /* Menu.sks */ = {isa = PBXFileReference; lastKnownFileType = file.sks; path = Menu.sks; sourceTree = "<group>"; };
		C5A883B11E67BA6F00B7E0B8 /* Menu.swift */ = {isa = PBXFileReference; fileEncoding = 4; lastKnownFileType = sourcecode.swift; path = Menu.swift; sourceTree = "<group>"; };
		C5A883B51E67BB4A00B7E0B8 /* GameOverScreen.swift */ = {isa = PBXFileReference; fileEncoding = 4; lastKnownFileType = sourcecode.swift; path = GameOverScreen.swift; sourceTree = "<group>"; };
		C5F3947C1E685D3E0017250D /* GameScene.sks */ = {isa = PBXFileReference; lastKnownFileType = file.sks; path = GameScene.sks; sourceTree = "<group>"; };
/* End PBXFileReference section */

/* Begin PBXFrameworksBuildPhase section */
		C55979231E5F2DA900C7F81B /* Frameworks */ = {
			isa = PBXFrameworksBuildPhase;
			buildActionMask = 2147483647;
			files = (
			);
			runOnlyForDeploymentPostprocessing = 0;
		};
		C559793D1E5F2DA900C7F81B /* Frameworks */ = {
			isa = PBXFrameworksBuildPhase;
			buildActionMask = 2147483647;
			files = (
			);
			runOnlyForDeploymentPostprocessing = 0;
		};
		C55979481E5F2DA900C7F81B /* Frameworks */ = {
			isa = PBXFrameworksBuildPhase;
			buildActionMask = 2147483647;
			files = (
			);
			runOnlyForDeploymentPostprocessing = 0;
		};
/* End PBXFrameworksBuildPhase section */

/* Begin PBXGroup section */
		C559791D1E5F2DA900C7F81B = {
			isa = PBXGroup;
			children = (
				C55979281E5F2DA900C7F81B /* myGame */,
				C55979431E5F2DA900C7F81B /* myGameTests */,
				C559794E1E5F2DA900C7F81B /* myGameUITests */,
				C55979271E5F2DA900C7F81B /* Products */,
			);
			sourceTree = "<group>";
		};
		C55979271E5F2DA900C7F81B /* Products */ = {
			isa = PBXGroup;
			children = (
				C55979261E5F2DA900C7F81B /* myGame.app */,
				C55979401E5F2DA900C7F81B /* myGameTests.xctest */,
				C559794B1E5F2DA900C7F81B /* myGameUITests.xctest */,
			);
			name = Products;
			sourceTree = "<group>";
		};
		C55979281E5F2DA900C7F81B /* myGame */ = {
			isa = PBXGroup;
			children = (
				C5F3947C1E685D3E0017250D /* GameScene.sks */,
				C559792F1E5F2DA900C7F81B /* GameScene.swift */,
				C5A883AF1E67B7E100B7E0B8 /* Menu.sks */,
				C5A883B11E67BA6F00B7E0B8 /* Menu.swift */,
				C577BC901ECBB24100880603 /* GameWinScreen.sks */,
				C577BC921ECBB36A00880603 /* GameWinScreen.swift */,
				C559795D1E5F409B00C7F81B /* GameOverScreen.sks */,
				C5A883B51E67BB4A00B7E0B8 /* GameOverScreen.swift */,
				C55979311E5F2DA900C7F81B /* GameViewController.swift */,
				C55979331E5F2DA900C7F81B /* Main.storyboard */,
				C559792D1E5F2DA900C7F81B /* Actions.sks */,
				C55979291E5F2DA900C7F81B /* AppDelegate.swift */,
				C55979361E5F2DA900C7F81B /* Assets.xcassets */,
				C55979381E5F2DA900C7F81B /* LaunchScreen.storyboard */,
				C577BC941ECBB6E500880603 /* waterwin.mp3 */,
				C57A5EB31E70FBEE00CCD7CB /* fireball.mp3 */,
				C57A5EB11E70FBE500CCD7CB /* dripback.mp3 */,
				C559793B1E5F2DA900C7F81B /* Info.plist */,
			);
			path = myGame;
			sourceTree = "<group>";
		};
		C55979431E5F2DA900C7F81B /* myGameTests */ = {
			isa = PBXGroup;
			children = (
				C55979441E5F2DA900C7F81B /* myGameTests.swift */,
				C55979461E5F2DA900C7F81B /* Info.plist */,
			);
			path = myGameTests;
			sourceTree = "<group>";
		};
		C559794E1E5F2DA900C7F81B /* myGameUITests */ = {
			isa = PBXGroup;
			children = (
				C559794F1E5F2DA900C7F81B /* myGameUITests.swift */,
				C55979511E5F2DA900C7F81B /* Info.plist */,
			);
			path = myGameUITests;
			sourceTree = "<group>";
		};
/* End PBXGroup section */

/* Begin PBXNativeTarget section */
		C55979251E5F2DA900C7F81B /* myGame */ = {
			isa = PBXNativeTarget;
			buildConfigurationList = C55979541E5F2DA900C7F81B /* Build configuration list for PBXNativeTarget "myGame" */;
			buildPhases = (
				C55979221E5F2DA900C7F81B /* Sources */,
				C55979231E5F2DA900C7F81B /* Frameworks */,
				C55979241E5F2DA900C7F81B /* Resources */,
			);
			buildRules = (
			);
			dependencies = (
			);
			name = myGame;
			productName = myGame;
			productReference = C55979261E5F2DA900C7F81B /* myGame.app */;
			productType = "com.apple.product-type.application";
		};
		C559793F1E5F2DA900C7F81B /* myGameTests */ = {
			isa = PBXNativeTarget;
			buildConfigurationList = C55979571E5F2DA900C7F81B /* Build configuration list for PBXNativeTarget "myGameTests" */;
			buildPhases = (
				C559793C1E5F2DA900C7F81B /* Sources */,
				C559793D1E5F2DA900C7F81B /* Frameworks */,
				C559793E1E5F2DA900C7F81B /* Resources */,
			);
			buildRules = (
			);
			dependencies = (
				C55979421E5F2DA900C7F81B /* PBXTargetDependency */,
			);
			name = myGameTests;
			productName = myGameTests;
			productReference = C55979401E5F2DA900C7F81B /* myGameTests.xctest */;
			productType = "com.apple.product-type.bundle.unit-test";
		};
		C559794A1E5F2DA900C7F81B /* myGameUITests */ = {
			isa = PBXNativeTarget;
			buildConfigurationList = C559795A1E5F2DA900C7F81B /* Build configuration list for PBXNativeTarget "myGameUITests" */;
			buildPhases = (
				C55979471E5F2DA900C7F81B /* Sources */,
				C55979481E5F2DA900C7F81B /* Frameworks */,
				C55979491E5F2DA900C7F81B /* Resources */,
			);
			buildRules = (
			);
			dependencies = (
				C559794D1E5F2DA900C7F81B /* PBXTargetDependency */,
			);
			name = myGameUITests;
			productName = myGameUITests;
			productReference = C559794B1E5F2DA900C7F81B /* myGameUITests.xctest */;
			productType = "com.apple.product-type.bundle.ui-testing";
		};
/* End PBXNativeTarget section */

/* Begin PBXProject section */
		C559791E1E5F2DA900C7F81B /* Project object */ = {
			isa = PBXProject;
			attributes = {
				LastSwiftUpdateCheck = 0820;
				LastUpgradeCheck = 0820;
				ORGANIZATIONNAME = "Hsuan Lin";
				TargetAttributes = {
					C55979251E5F2DA900C7F81B = {
						CreatedOnToolsVersion = 8.2.1;
						DevelopmentTeam = 42BVD8RKZC;
						ProvisioningStyle = Automatic;
					};
					C559793F1E5F2DA900C7F81B = {
						CreatedOnToolsVersion = 8.2.1;
						DevelopmentTeam = 42BVD8RKZC;
						ProvisioningStyle = Automatic;
						TestTargetID = C55979251E5F2DA900C7F81B;
					};
					C559794A1E5F2DA900C7F81B = {
						CreatedOnToolsVersion = 8.2.1;
						DevelopmentTeam = 42BVD8RKZC;
						ProvisioningStyle = Automatic;
						TestTargetID = C55979251E5F2DA900C7F81B;
					};
				};
			};
			buildConfigurationList = C55979211E5F2DA900C7F81B /* Build configuration list for PBXProject "myGame" */;
			compatibilityVersion = "Xcode 3.2";
			developmentRegion = English;
			hasScannedForEncodings = 0;
			knownRegions = (
				en,
				Base,
			);
			mainGroup = C559791D1E5F2DA900C7F81B;
			productRefGroup = C55979271E5F2DA900C7F81B /* Products */;
			projectDirPath = "";
			projectRoot = "";
			targets = (
				C55979251E5F2DA900C7F81B /* myGame */,
				C559793F1E5F2DA900C7F81B /* myGameTests */,
				C559794A1E5F2DA900C7F81B /* myGameUITests */,
			);
		};
/* End PBXProject section */

/* Begin PBXResourcesBuildPhase section */
		C55979241E5F2DA900C7F81B /* Resources */ = {
			isa = PBXResourcesBuildPhase;
			buildActionMask = 2147483647;
			files = (
				C577BC911ECBB24100880603 /* GameWinScreen.sks in Resources */,
				C55979351E5F2DA900C7F81B /* Main.storyboard in Resources */,
				C55979371E5F2DA900C7F81B /* Assets.xcassets in Resources */,
				C57A5EB21E70FBE500CCD7CB /* dripback.mp3 in Resources */,
				C559793A1E5F2DA900C7F81B /* LaunchScreen.storyboard in Resources */,
				C57A5EB41E70FBEE00CCD7CB /* fireball.mp3 in Resources */,
				C577BC951ECBB6E500880603 /* waterwin.mp3 in Resources */,
				C5A883B01E67B7E100B7E0B8 /* Menu.sks in Resources */,
				C5F3947D1E685D3E0017250D /* GameScene.sks in Resources */,
				C559792E1E5F2DA900C7F81B /* Actions.sks in Resources */,
				C559795E1E5F409B00C7F81B /* GameOverScreen.sks in Resources */,
			);
			runOnlyForDeploymentPostprocessing = 0;
		};
		C559793E1E5F2DA900C7F81B /* Resources */ = {
			isa = PBXResourcesBuildPhase;
			buildActionMask = 2147483647;
			files = (
			);
			runOnlyForDeploymentPostprocessing = 0;
		};
		C55979491E5F2DA900C7F81B /* Resources */ = {
			isa = PBXResourcesBuildPhase;
			buildActionMask = 2147483647;
			files = (
			);
			runOnlyForDeploymentPostprocessing = 0;
		};
/* End PBXResourcesBuildPhase section */

/* Begin PBXSourcesBuildPhase section */
		C55979221E5F2DA900C7F81B /* Sources */ = {
			isa = PBXSourcesBuildPhase;
			buildActionMask = 2147483647;
			files = (
				C55979301E5F2DA900C7F81B /* GameScene.swift in Sources */,
				C55979321E5F2DA900C7F81B /* GameViewController.swift in Sources */,
				C577BC931ECBB36B00880603 /* GameWinScreen.swift in Sources */,
				C5A883B21E67BA6F00B7E0B8 /* Menu.swift in Sources */,
				C559792A1E5F2DA900C7F81B /* AppDelegate.swift in Sources */,
				C5A883B61E67BB4A00B7E0B8 /* GameOverScreen.swift in Sources */,
			);
			runOnlyForDeploymentPostprocessing = 0;
		};
		C559793C1E5F2DA900C7F81B /* Sources */ = {
			isa = PBXSourcesBuildPhase;
			buildActionMask = 2147483647;
			files = (
				C55979451E5F2DA900C7F81B /* myGameTests.swift in Sources */,
			);
			runOnlyForDeploymentPostprocessing = 0;
		};
		C55979471E5F2DA900C7F81B /* Sources */ = {
			isa = PBXSourcesBuildPhase;
			buildActionMask = 2147483647;
			files = (
				C55979501E5F2DA900C7F81B /* myGameUITests.swift in Sources */,
			);
			runOnlyForDeploymentPostprocessing = 0;
		};
/* End PBXSourcesBuildPhase section */

/* Begin PBXTargetDependency section */
		C55979421E5F2DA900C7F81B /* PBXTargetDependency */ = {
			isa = PBXTargetDependency;
			target = C55979251E5F2DA900C7F81B /* myGame */;
			targetProxy = C55979411E5F2DA900C7F81B /* PBXContainerItemProxy */;
		};
		C559794D1E5F2DA900C7F81B /* PBXTargetDependency */ = {
			isa = PBXTargetDependency;
			target = C55979251E5F2DA900C7F81B /* myGame */;
			targetProxy = C559794C1E5F2DA900C7F81B /* PBXContainerItemProxy */;
		};
/* End PBXTargetDependency section */

/* Begin PBXVariantGroup section */
		C55979331E5F2DA900C7F81B /* Main.storyboard */ = {
			isa = PBXVariantGroup;
			children = (
				C55979341E5F2DA900C7F81B /* Base */,
			);
			name = Main.storyboard;
			sourceTree = "<group>";
		};
		C55979381E5F2DA900C7F81B /* LaunchScreen.storyboard */ = {
			isa = PBXVariantGroup;
			children = (
				C55979391E5F2DA900C7F81B /* Base */,
			);
			name = LaunchScreen.storyboard;
			sourceTree = "<group>";
		};
/* End PBXVariantGroup section */

/* Begin XCBuildConfiguration section */
		C55979521E5F2DA900C7F81B /* Debug */ = {
			isa = XCBuildConfiguration;
			buildSettings = {
				ALWAYS_SEARCH_USER_PATHS = NO;
				CLANG_ANALYZER_NONNULL = YES;
				CLANG_CXX_LANGUAGE_STANDARD = "gnu++0x";
				CLANG_CXX_LIBRARY = "libc++";
				CLANG_ENABLE_MODULES = YES;
				CLANG_ENABLE_OBJC_ARC = YES;
				CLANG_WARN_BOOL_CONVERSION = YES;
				CLANG_WARN_CONSTANT_CONVERSION = YES;
				CLANG_WARN_DIRECT_OBJC_ISA_USAGE = YES_ERROR;
				CLANG_WARN_DOCUMENTATION_COMMENTS = YES;
				CLANG_WARN_EMPTY_BODY = YES;
				CLANG_WARN_ENUM_CONVERSION = YES;
				CLANG_WARN_INFINITE_RECURSION = YES;
				CLANG_WARN_INT_CONVERSION = YES;
				CLANG_WARN_OBJC_ROOT_CLASS = YES_ERROR;
				CLANG_WARN_SUSPICIOUS_MOVE = YES;
				CLANG_WARN_UNREACHABLE_CODE = YES;
				CLANG_WARN__DUPLICATE_METHOD_MATCH = YES;
				"CODE_SIGN_IDENTITY[sdk=iphoneos*]" = "iPhone Developer";
				COPY_PHASE_STRIP = NO;
				DEBUG_INFORMATION_FORMAT = dwarf;
				ENABLE_STRICT_OBJC_MSGSEND = YES;
				ENABLE_TESTABILITY = YES;
				GCC_C_LANGUAGE_STANDARD = gnu99;
				GCC_DYNAMIC_NO_PIC = NO;
				GCC_NO_COMMON_BLOCKS = YES;
				GCC_OPTIMIZATION_LEVEL = 0;
				GCC_PREPROCESSOR_DEFINITIONS = (
					"DEBUG=1",
					"$(inherited)",
				);
				GCC_WARN_64_TO_32_BIT_CONVERSION = YES;
				GCC_WARN_ABOUT_RETURN_TYPE = YES_ERROR;
				GCC_WARN_UNDECLARED_SELECTOR = YES;
				GCC_WARN_UNINITIALIZED_AUTOS = YES_AGGRESSIVE;
				GCC_WARN_UNUSED_FUNCTION = YES;
				GCC_WARN_UNUSED_VARIABLE = YES;
				IPHONEOS_DEPLOYMENT_TARGET = 10.2;
				MTL_ENABLE_DEBUG_INFO = YES;
				ONLY_ACTIVE_ARCH = YES;
				SDKROOT = iphoneos;
				SWIFT_ACTIVE_COMPILATION_CONDITIONS = DEBUG;
				SWIFT_OPTIMIZATION_LEVEL = "-Onone";
			};
			name = Debug;
		};
		C55979531E5F2DA900C7F81B /* Release */ = {
			isa = XCBuildConfiguration;
			buildSettings = {
				ALWAYS_SEARCH_USER_PATHS = NO;
				CLANG_ANALYZER_NONNULL = YES;
				CLANG_CXX_LANGUAGE_STANDARD = "gnu++0x";
				CLANG_CXX_LIBRARY = "libc++";
				CLANG_ENABLE_MODULES = YES;
				CLANG_ENABLE_OBJC_ARC = YES;
				CLANG_WARN_BOOL_CONVERSION = YES;
				CLANG_WARN_CONSTANT_CONVERSION = YES;
				CLANG_WARN_DIRECT_OBJC_ISA_USAGE = YES_ERROR;
				CLANG_WARN_DOCUMENTATION_COMMENTS = YES;
				CLANG_WARN_EMPTY_BODY = YES;
				CLANG_WARN_ENUM_CONVERSION = YES;
				CLANG_WARN_INFINITE_RECURSION = YES;
				CLANG_WARN_INT_CONVERSION = YES;
				CLANG_WARN_OBJC_ROOT_CLASS = YES_ERROR;
				CLANG_WARN_SUSPICIOUS_MOVE = YES;
				CLANG_WARN_UNREACHABLE_CODE = YES;
				CLANG_WARN__DUPLICATE_METHOD_MATCH = YES;
				"CODE_SIGN_IDENTITY[sdk=iphoneos*]" = "iPhone Developer";
				COPY_PHASE_STRIP = NO;
				DEBUG_INFORMATION_FORMAT = "dwarf-with-dsym";
				ENABLE_NS_ASSERTIONS = NO;
				ENABLE_STRICT_OBJC_MSGSEND = YES;
				GCC_C_LANGUAGE_STANDARD = gnu99;
				GCC_NO_COMMON_BLOCKS = YES;
				GCC_WARN_64_TO_32_BIT_CONVERSION = YES;
				GCC_WARN_ABOUT_RETURN_TYPE = YES_ERROR;
				GCC_WARN_UNDECLARED_SELECTOR = YES;
				GCC_WARN_UNINITIALIZED_AUTOS = YES_AGGRESSIVE;
				GCC_WARN_UNUSED_FUNCTION = YES;
				GCC_WARN_UNUSED_VARIABLE = YES;
				IPHONEOS_DEPLOYMENT_TARGET = 10.2;
				MTL_ENABLE_DEBUG_INFO = NO;
				SDKROOT = iphoneos;
				SWIFT_OPTIMIZATION_LEVEL = "-Owholemodule";
				VALIDATE_PRODUCT = YES;
			};
			name = Release;
		};
		C55979551E5F2DA900C7F81B /* Debug */ = {
			isa = XCBuildConfiguration;
			buildSettings = {
				ASSETCATALOG_COMPILER_APPICON_NAME = AppIcon;
				DEVELOPMENT_TEAM = 42BVD8RKZC;
				INFOPLIST_FILE = myGame/Info.plist;
				LD_RUNPATH_SEARCH_PATHS = "$(inherited) @executable_path/Frameworks";
				PRODUCT_BUNDLE_IDENTIFIER = "-4.myGame";
				PRODUCT_NAME = "$(TARGET_NAME)";
				SWIFT_VERSION = 3.0;
			};
			name = Debug;
		};
		C55979561E5F2DA900C7F81B /* Release */ = {
			isa = XCBuildConfiguration;
			buildSettings = {
				ASSETCATALOG_COMPILER_APPICON_NAME = AppIcon;
				DEVELOPMENT_TEAM = 42BVD8RKZC;
				INFOPLIST_FILE = myGame/Info.plist;
				LD_RUNPATH_SEARCH_PATHS = "$(inherited) @executable_path/Frameworks";
				PRODUCT_BUNDLE_IDENTIFIER = "-4.myGame";
				PRODUCT_NAME = "$(TARGET_NAME)";
				SWIFT_VERSION = 3.0;
			};
			name = Release;
		};
		C55979581E5F2DA900C7F81B /* Debug */ = {
			isa = XCBuildConfiguration;
			buildSettings = {
				ALWAYS_EMBED_SWIFT_STANDARD_LIBRARIES = YES;
				BUNDLE_LOADER = "$(TEST_HOST)";
				DEVELOPMENT_TEAM = 42BVD8RKZC;
				INFOPLIST_FILE = myGameTests/Info.plist;
				LD_RUNPATH_SEARCH_PATHS = "$(inherited) @executable_path/Frameworks @loader_path/Frameworks";
				PRODUCT_BUNDLE_IDENTIFIER = "-4.myGameTests";
				PRODUCT_NAME = "$(TARGET_NAME)";
				SWIFT_VERSION = 3.0;
				TEST_HOST = "$(BUILT_PRODUCTS_DIR)/myGame.app/myGame";
			};
			name = Debug;
		};
		C55979591E5F2DA900C7F81B /* Release */ = {
			isa = XCBuildConfiguration;
			buildSettings = {
				ALWAYS_EMBED_SWIFT_STANDARD_LIBRARIES = YES;
				BUNDLE_LOADER = "$(TEST_HOST)";
				DEVELOPMENT_TEAM = 42BVD8RKZC;
				INFOPLIST_FILE = myGameTests/Info.plist;
				LD_RUNPATH_SEARCH_PATHS = "$(inherited) @executable_path/Frameworks @loader_path/Frameworks";
				PRODUCT_BUNDLE_IDENTIFIER = "-4.myGameTests";
				PRODUCT_NAME = "$(TARGET_NAME)";
				SWIFT_VERSION = 3.0;
				TEST_HOST = "$(BUILT_PRODUCTS_DIR)/myGame.app/myGame";
			};
			name = Release;
		};
		C559795B1E5F2DA900C7F81B /* Debug */ = {
			isa = XCBuildConfiguration;
			buildSettings = {
				ALWAYS_EMBED_SWIFT_STANDARD_LIBRARIES = YES;
				DEVELOPMENT_TEAM = 42BVD8RKZC;
				INFOPLIST_FILE = myGameUITests/Info.plist;
				LD_RUNPATH_SEARCH_PATHS = "$(inherited) @executable_path/Frameworks @loader_path/Frameworks";
				PRODUCT_BUNDLE_IDENTIFIER = "-4.myGameUITests";
				PRODUCT_NAME = "$(TARGET_NAME)";
				SWIFT_VERSION = 3.0;
				TEST_TARGET_NAME = myGame;
			};
			name = Debug;
		};
		C559795C1E5F2DA900C7F81B /* Release */ = {
			isa = XCBuildConfiguration;
			buildSettings = {
				ALWAYS_EMBED_SWIFT_STANDARD_LIBRARIES = YES;
				DEVELOPMENT_TEAM = 42BVD8RKZC;
				INFOPLIST_FILE = myGameUITests/Info.plist;
				LD_RUNPATH_SEARCH_PATHS = "$(inherited) @executable_path/Frameworks @loader_path/Frameworks";
				PRODUCT_BUNDLE_IDENTIFIER = "-4.myGameUITests";
				PRODUCT_NAME = "$(TARGET_NAME)";
				SWIFT_VERSION = 3.0;
				TEST_TARGET_NAME = myGame;
			};
			name = Release;
		};
/* End XCBuildConfiguration section */

/* Begin XCConfigurationList section */
		C55979211E5F2DA900C7F81B /* Build configuration list for PBXProject "myGame" */ = {
			isa = XCConfigurationList;
			buildConfigurations = (
				C55979521E5F2DA900C7F81B /* Debug */,
				C55979531E5F2DA900C7F81B /* Release */,
			);
			defaultConfigurationIsVisible = 0;
			defaultConfigurationName = Release;
		};
		C55979541E5F2DA900C7F81B /* Build configuration list for PBXNativeTarget "myGame" */ = {
			isa = XCConfigurationList;
			buildConfigurations = (
				C55979551E5F2DA900C7F81B /* Debug */,
				C55979561E5F2DA900C7F81B /* Release */,
			);
			defaultConfigurationIsVisible = 0;
			defaultConfigurationName = Release;
		};
		C55979571E5F2DA900C7F81B /* Build configuration list for PBXNativeTarget "myGameTests" */ = {
			isa = XCConfigurationList;
			buildConfigurations = (
				C55979581E5F2DA900C7F81B /* Debug */,
				C55979591E5F2DA900C7F81B /* Release */,
			);
			defaultConfigurationIsVisible = 0;
			defaultConfigurationName = Release;
		};
		C559795A1E5F2DA900C7F81B /* Build configuration list for PBXNativeTarget "myGameUITests" */ = {
			isa = XCConfigurationList;
			buildConfigurations = (
				C559795B1E5F2DA900C7F81B /* Debug */,
				C559795C1E5F2DA900C7F81B /* Release */,
			);
			defaultConfigurationIsVisible = 0;
			defaultConfigurationName = Release;
		};
/* End XCConfigurationList section */
	};
	rootObject = C559791E1E5F2DA900C7F81B /* Project object */;
}
